// !$*UTF8*$!
{
	archiveVersion = 1;
	classes = {
	};
	objectVersion = 50;
	objects = {

/* Begin PBXBuildFile section */
		8C500E6D21E66E3600B401FD /* main.cpp in Sources */ = {isa = PBXBuildFile; fileRef = 8C500E6C21E66E3600B401FD /* main.cpp */; };
		8C500E7A21E6CF0800B401FD /* utilities.cpp in Sources */ = {isa = PBXBuildFile; fileRef = 8C500E7821E6CF0800B401FD /* utilities.cpp */; };
		8C500E7C21E6D04D00B401FD /* Zombie.cpp in Sources */ = {isa = PBXBuildFile; fileRef = 8C500E7B21E6D04D00B401FD /* Zombie.cpp */; };
		8C500E7E21E6D0AC00B401FD /* Player.cpp in Sources */ = {isa = PBXBuildFile; fileRef = 8C500E7D21E6D0AC00B401FD /* Player.cpp */; };
		8C500E8021E6D10700B401FD /* Arena.cpp in Sources */ = {isa = PBXBuildFile; fileRef = 8C500E7F21E6D10700B401FD /* Arena.cpp */; };
		8C500E8221E6D11E00B401FD /* Game.cpp in Sources */ = {isa = PBXBuildFile; fileRef = 8C500E8121E6D11E00B401FD /* Game.cpp */; };
		8C500E8521E7254F00B401FD /* History.cpp in Sources */ = {isa = PBXBuildFile; fileRef = 8C500E8421E7254F00B401FD /* History.cpp */; };
/* End PBXBuildFile section */

/* Begin PBXCopyFilesBuildPhase section */
		8C500E6721E66E3600B401FD /* CopyFiles */ = {
			isa = PBXCopyFilesBuildPhase;
			buildActionMask = 2147483647;
			dstPath = /usr/share/man/man1/;
			dstSubfolderSpec = 0;
			files = (
			);
			runOnlyForDeploymentPostprocessing = 1;
		};
/* End PBXCopyFilesBuildPhase section */

/* Begin PBXFileReference section */
		8C500E6921E66E3600B401FD /* CS32 Project 1 */ = {isa = PBXFileReference; explicitFileType = "compiled.mach-o.executable"; includeInIndex = 0; path = "CS32 Project 1"; sourceTree = BUILT_PRODUCTS_DIR; };
		8C500E6C21E66E3600B401FD /* main.cpp */ = {isa = PBXFileReference; lastKnownFileType = sourcecode.cpp.cpp; path = main.cpp; sourceTree = "<group>"; };
		8C500E7321E6CC1A00B401FD /* Player.h */ = {isa = PBXFileReference; lastKnownFileType = sourcecode.c.h; path = Player.h; sourceTree = "<group>"; };
		8C500E7421E6CC4500B401FD /* Zombie.h */ = {isa = PBXFileReference; lastKnownFileType = sourcecode.c.h; path = Zombie.h; sourceTree = "<group>"; };
		8C500E7521E6CC4D00B401FD /* Arena.h */ = {isa = PBXFileReference; lastKnownFileType = sourcecode.c.h; path = Arena.h; sourceTree = "<group>"; };
		8C500E7621E6CC5800B401FD /* Game.h */ = {isa = PBXFileReference; explicitFileType = sourcecode.cpp.h; path = Game.h; sourceTree = "<group>"; };
		8C500E7721E6CCC800B401FD /* globals.h */ = {isa = PBXFileReference; lastKnownFileType = sourcecode.c.h; path = globals.h; sourceTree = "<group>"; };
		8C500E7821E6CF0800B401FD /* utilities.cpp */ = {isa = PBXFileReference; lastKnownFileType = sourcecode.cpp.cpp; path = utilities.cpp; sourceTree = "<group>"; };
		8C500E7B21E6D04D00B401FD /* Zombie.cpp */ = {isa = PBXFileReference; lastKnownFileType = sourcecode.cpp.cpp; path = Zombie.cpp; sourceTree = "<group>"; };
		8C500E7D21E6D0AC00B401FD /* Player.cpp */ = {isa = PBXFileReference; lastKnownFileType = sourcecode.cpp.cpp; path = Player.cpp; sourceTree = "<group>"; };
		8C500E7F21E6D10700B401FD /* Arena.cpp */ = {isa = PBXFileReference; lastKnownFileType = sourcecode.cpp.cpp; path = Arena.cpp; sourceTree = "<group>"; };
		8C500E8121E6D11E00B401FD /* Game.cpp */ = {isa = PBXFileReference; lastKnownFileType = sourcecode.cpp.cpp; path = Game.cpp; sourceTree = "<group>"; };
		8C500E8321E7252B00B401FD /* History.h */ = {isa = PBXFileReference; lastKnownFileType = sourcecode.c.h; path = History.h; sourceTree = "<group>"; };
		8C500E8421E7254F00B401FD /* History.cpp */ = {isa = PBXFileReference; lastKnownFileType = sourcecode.cpp.cpp; path = History.cpp; sourceTree = "<group>"; };
/* End PBXFileReference section */

/* Begin PBXFrameworksBuildPhase section */
		8C500E6621E66E3600B401FD /* Frameworks */ = {
			isa = PBXFrameworksBuildPhase;
			buildActionMask = 2147483647;
			files = (
			);
			runOnlyForDeploymentPostprocessing = 0;
		};
/* End PBXFrameworksBuildPhase section */

/* Begin PBXGroup section */
		8C500E6021E66E3600B401FD = {
			isa = PBXGroup;
			children = (
				8C500E6B21E66E3600B401FD /* CS32 Project 1 */,
				8C500E6A21E66E3600B401FD /* Products */,
			);
			sourceTree = "<group>";
		};
		8C500E6A21E66E3600B401FD /* Products */ = {
			isa = PBXGroup;
			children = (
				8C500E6921E66E3600B401FD /* CS32 Project 1 */,
			);
			name = Products;
			sourceTree = "<group>";
		};
		8C500E6B21E66E3600B401FD /* CS32 Project 1 */ = {
			isa = PBXGroup;
			children = (
				8C500E6C21E66E3600B401FD /* main.cpp */,
				8C500E8121E6D11E00B401FD /* Game.cpp */,
				8C500E7F21E6D10700B401FD /* Arena.cpp */,
				8C500E7D21E6D0AC00B401FD /* Player.cpp */,
				8C500E7821E6CF0800B401FD /* utilities.cpp */,
				8C500E7B21E6D04D00B401FD /* Zombie.cpp */,
				8C500E8421E7254F00B401FD /* History.cpp */,
				8C500E7621E6CC5800B401FD /* Game.h */,
				8C500E7421E6CC4500B401FD /* Zombie.h */,
				8C500E7521E6CC4D00B401FD /* Arena.h */,
				8C500E7321E6CC1A00B401FD /* Player.h */,
				8C500E7721E6CCC800B401FD /* globals.h */,
				8C500E8321E7252B00B401FD /* History.h */,
			);
			path = "CS32 Project 1";
			sourceTree = "<group>";
		};
/* End PBXGroup section */

/* Begin PBXNativeTarget section */
		8C500E6821E66E3600B401FD /* CS32 Project 1 */ = {
			isa = PBXNativeTarget;
			buildConfigurationList = 8C500E7021E66E3600B401FD /* Build configuration list for PBXNativeTarget "CS32 Project 1" */;
			buildPhases = (
				8C500E6521E66E3600B401FD /* Sources */,
				8C500E6621E66E3600B401FD /* Frameworks */,
				8C500E6721E66E3600B401FD /* CopyFiles */,
			);
			buildRules = (
			);
			dependencies = (
			);
			name = "CS32 Project 1";
			productName = "CS32 Project 1";
			productReference = 8C500E6921E66E3600B401FD /* CS32 Project 1 */;
			productType = "com.apple.product-type.tool";
		};
/* End PBXNativeTarget section */

/* Begin PBXProject section */
		8C500E6121E66E3600B401FD /* Project object */ = {
			isa = PBXProject;
			attributes = {
				LastUpgradeCheck = 1000;
				ORGANIZATIONNAME = "Lucas Xia";
				TargetAttributes = {
					8C500E6821E66E3600B401FD = {
						CreatedOnToolsVersion = 10.0;
					};
				};
			};
			buildConfigurationList = 8C500E6421E66E3600B401FD /* Build configuration list for PBXProject "CS32 Project 1" */;
			compatibilityVersion = "Xcode 9.3";
			developmentRegion = en;
			hasScannedForEncodings = 0;
			knownRegions = (
				en,
			);
			mainGroup = 8C500E6021E66E3600B401FD;
			productRefGroup = 8C500E6A21E66E3600B401FD /* Products */;
			projectDirPath = "";
			projectRoot = "";
			targets = (
				8C500E6821E66E3600B401FD /* CS32 Project 1 */,
			);
		};
/* End PBXProject section */

/* Begin PBXSourcesBuildPhase section */
		8C500E6521E66E3600B401FD /* Sources */ = {
			isa = PBXSourcesBuildPhase;
			buildActionMask = 2147483647;
			files = (
				8C500E7E21E6D0AC00B401FD /* Player.cpp in Sources */,
				8C500E7A21E6CF0800B401FD /* utilities.cpp in Sources */,
				8C500E8021E6D10700B401FD /* Arena.cpp in Sources */,
				8C500E8221E6D11E00B401FD /* Game.cpp in Sources */,
				8C500E7C21E6D04D00B401FD /* Zombie.cpp in Sources */,
				8C500E6D21E66E3600B401FD /* main.cpp in Sources */,
				8C500E8521E7254F00B401FD /* History.cpp in Sources */,
			);
			runOnlyForDeploymentPostprocessing = 0;
		};
/* End PBXSourcesBuildPhase section */

/* Begin XCBuildConfiguration section */
		8C500E6E21E66E3600B401FD /* Debug */ = {
			isa = XCBuildConfiguration;
			buildSettings = {
				ALWAYS_SEARCH_USER_PATHS = NO;
				CLANG_ANALYZER_NONNULL = YES;
				CLANG_ANALYZER_NUMBER_OBJECT_CONVERSION = YES_AGGRESSIVE;
				CLANG_CXX_LANGUAGE_STANDARD = "gnu++14";
				CLANG_CXX_LIBRARY = "libc++";
				CLANG_ENABLE_MODULES = YES;
				CLANG_ENABLE_OBJC_ARC = YES;
				CLANG_ENABLE_OBJC_WEAK = YES;
				CLANG_WARN_BLOCK_CAPTURE_AUTORELEASING = YES;
				CLANG_WARN_BOOL_CONVERSION = YES;
				CLANG_WARN_COMMA = YES;
				CLANG_WARN_CONSTANT_CONVERSION = YES;
				CLANG_WARN_DEPRECATED_OBJC_IMPLEMENTATIONS = YES;
				CLANG_WARN_DIRECT_OBJC_ISA_USAGE = YES_ERROR;
				CLANG_WARN_DOCUMENTATION_COMMENTS = YES;
				CLANG_WARN_EMPTY_BODY = YES;
				CLANG_WARN_ENUM_CONVERSION = YES;
				CLANG_WARN_INFINITE_RECURSION = YES;
				CLANG_WARN_INT_CONVERSION = YES;
				CLANG_WARN_NON_LITERAL_NULL_CONVERSION = YES;
				CLANG_WARN_OBJC_IMPLICIT_RETAIN_SELF = YES;
				CLANG_WARN_OBJC_LITERAL_CONVERSION = YES;
				CLANG_WARN_OBJC_ROOT_CLASS = YES_ERROR;
				CLANG_WARN_RANGE_LOOP_ANALYSIS = YES;
				CLANG_WARN_STRICT_PROTOTYPES = YES;
				CLANG_WARN_SUSPICIOUS_MOVE = YES;
				CLANG_WARN_UNGUARDED_AVAILABILITY = YES_AGGRESSIVE;
				CLANG_WARN_UNREACHABLE_CODE = YES;
				CLANG_WARN__DUPLICATE_METHOD_MATCH = YES;
				CODE_SIGN_IDENTITY = "-";
				COPY_PHASE_STRIP = NO;
				DEBUG_INFORMATION_FORMAT = dwarf;
				ENABLE_STRICT_OBJC_MSGSEND = YES;
				ENABLE_TESTABILITY = YES;
				GCC_C_LANGUAGE_STANDARD = gnu11;
				GCC_DYNAMIC_NO_PIC = NO;
				GCC_NO_COMMON_BLOCKS = YES;
				GCC_OPTIMIZATION_LEVEL = 0;
				GCC_PREPROCESSOR_DEFINITIONS = (
					"DEBUG=1",
					"$(inherited)",
				);
				GCC_WARN_64_TO_32_BIT_CONVERSION = YES;
				GCC_WARN_ABOUT_RETURN_TYPE = YES_ERROR;
				GCC_WARN_UNDECLARED_SELECTOR = YES;
				GCC_WARN_UNINITIALIZED_AUTOS = YES_AGGRESSIVE;
				GCC_WARN_UNUSED_FUNCTION = YES;
				GCC_WARN_UNUSED_VARIABLE = YES;
				MACOSX_DEPLOYMENT_TARGET = 10.14;
				MTL_ENABLE_DEBUG_INFO = INCLUDE_SOURCE;
				MTL_FAST_MATH = YES;
				ONLY_ACTIVE_ARCH = YES;
				SDKROOT = macosx;
			};
			name = Debug;
		};
		8C500E6F21E66E3600B401FD /* Release */ = {
			isa = XCBuildConfiguration;
			buildSettings = {
				ALWAYS_SEARCH_USER_PATHS = NO;
				CLANG_ANALYZER_NONNULL = YES;
				CLANG_ANALYZER_NUMBER_OBJECT_CONVERSION = YES_AGGRESSIVE;
				CLANG_CXX_LANGUAGE_STANDARD = "gnu++14";
				CLANG_CXX_LIBRARY = "libc++";
				CLANG_ENABLE_MODULES = YES;
				CLANG_ENABLE_OBJC_ARC = YES;
				CLANG_ENABLE_OBJC_WEAK = YES;
				CLANG_WARN_BLOCK_CAPTURE_AUTORELEASING = YES;
				CLANG_WARN_BOOL_CONVERSION = YES;
				CLANG_WARN_COMMA = YES;
				CLANG_WARN_CONSTANT_CONVERSION = YES;
				CLANG_WARN_DEPRECATED_OBJC_IMPLEMENTATIONS = YES;
				CLANG_WARN_DIRECT_OBJC_ISA_USAGE = YES_ERROR;
				CLANG_WARN_DOCUMENTATION_COMMENTS = YES;
				CLANG_WARN_EMPTY_BODY = YES;
				CLANG_WARN_ENUM_CONVERSION = YES;
				CLANG_WARN_INFINITE_RECURSION = YES;
				CLANG_WARN_INT_CONVERSION = YES;
				CLANG_WARN_NON_LITERAL_NULL_CONVERSION = YES;
				CLANG_WARN_OBJC_IMPLICIT_RETAIN_SELF = YES;
				CLANG_WARN_OBJC_LITERAL_CONVERSION = YES;
				CLANG_WARN_OBJC_ROOT_CLASS = YES_ERROR;
				CLANG_WARN_RANGE_LOOP_ANALYSIS = YES;
				CLANG_WARN_STRICT_PROTOTYPES = YES;
				CLANG_WARN_SUSPICIOUS_MOVE = YES;
				CLANG_WARN_UNGUARDED_AVAILABILITY = YES_AGGRESSIVE;
				CLANG_WARN_UNREACHABLE_CODE = YES;
				CLANG_WARN__DUPLICATE_METHOD_MATCH = YES;
				CODE_SIGN_IDENTITY = "-";
				COPY_PHASE_STRIP = NO;
				DEBUG_INFORMATION_FORMAT = "dwarf-with-dsym";
				ENABLE_NS_ASSERTIONS = NO;
				ENABLE_STRICT_OBJC_MSGSEND = YES;
				GCC_C_LANGUAGE_STANDARD = gnu11;
				GCC_NO_COMMON_BLOCKS = YES;
				GCC_WARN_64_TO_32_BIT_CONVERSION = YES;
				GCC_WARN_ABOUT_RETURN_TYPE = YES_ERROR;
				GCC_WARN_UNDECLARED_SELECTOR = YES;
				GCC_WARN_UNINITIALIZED_AUTOS = YES_AGGRESSIVE;
				GCC_WARN_UNUSED_FUNCTION = YES;
				GCC_WARN_UNUSED_VARIABLE = YES;
				MACOSX_DEPLOYMENT_TARGET = 10.14;
				MTL_ENABLE_DEBUG_INFO = NO;
				MTL_FAST_MATH = YES;
				SDKROOT = macosx;
			};
			name = Release;
		};
		8C500E7121E66E3600B401FD /* Debug */ = {
			isa = XCBuildConfiguration;
			buildSettings = {
				CODE_SIGN_STYLE = Automatic;
				PRODUCT_NAME = "$(TARGET_NAME)";
			};
			name = Debug;
		};
		8C500E7221E66E3600B401FD /* Release */ = {
			isa = XCBuildConfiguration;
			buildSettings = {
				CODE_SIGN_STYLE = Automatic;
				PRODUCT_NAME = "$(TARGET_NAME)";
			};
			name = Release;
		};
/* End XCBuildConfiguration section */

/* Begin XCConfigurationList section */
		8C500E6421E66E3600B401FD /* Build configuration list for PBXProject "CS32 Project 1" */ = {
			isa = XCConfigurationList;
			buildConfigurations = (
				8C500E6E21E66E3600B401FD /* Debug */,
				8C500E6F21E66E3600B401FD /* Release */,
			);
			defaultConfigurationIsVisible = 0;
			defaultConfigurationName = Release;
		};
		8C500E7021E66E3600B401FD /* Build configuration list for PBXNativeTarget "CS32 Project 1" */ = {
			isa = XCConfigurationList;
			buildConfigurations = (
				8C500E7121E66E3600B401FD /* Debug */,
				8C500E7221E66E3600B401FD /* Release */,
			);
			defaultConfigurationIsVisible = 0;
			defaultConfigurationName = Release;
		};
/* End XCConfigurationList section */
	};
	rootObject = 8C500E6121E66E3600B401FD /* Project object */;
}
